
Microsoft Visual Studio Solution File, Format Version 11.00
# Visual Studio 2010
Project("{FAE04EC0-301F-11D3-BF4B-00C04F79EFBC}") = "LibAPNG", "LibAPNG\LibAPNG.csproj", "{6A14ED50-7995-4EAF-B6D5-6E734283B415}"
EndProject
Project("{FAE04EC0-301F-11D3-BF4B-00C04F79EFBC}") = "LibAPNG.Test", "LibAPNG.Test\LibAPNG.Test.csproj", "{AC9F9813-FE62-4797-9A06-3D51D5AAFA97}"
EndProject
Project("{FAE04EC0-301F-11D3-BF4B-00C04F79EFBC}") = "LibAPNG.XNA.Test", "LibAPNG.XNA.Test\LibAPNG.XNA.Test\LibAPNG.XNA.Test.csproj", "{35CF1CD3-A197-4A14-9B92-15868DC808E5}"
EndProject
Project("{2150E333-8FDC-42A3-9474-1A3956D46DE8}") = "Solution Items", "Solution Items", "{36B4DA2A-244D-4453-81B0-4F38305D740C}"
	ProjectSection(SolutionItems) = preProject
		README.md = README.md
	EndProjectSection
EndProject
Global
	GlobalSection(SolutionConfigurationPlatforms) = preSolution
		Debug|Any CPU = Debug|Any CPU
		Debug|Mixed Platforms = Debug|Mixed Platforms
		Debug|x86 = Debug|x86
		Release|Any CPU = Release|Any CPU
		Release|Mixed Platforms = Release|Mixed Platforms
		Release|x86 = Release|x86
	EndGlobalSection
	GlobalSection(ProjectConfigurationPlatforms) = postSolution
		{6A14ED50-7995-4EAF-B6D5-6E734283B415}.Debug|Any CPU.ActiveCfg = Debug|Any CPU
		{6A14ED50-7995-4EAF-B6D5-6E734283B415}.Debug|Any CPU.Build.0 = Debug|Any CPU
		{6A14ED50-7995-4EAF-B6D5-6E734283B415}.Debug|Mixed Platforms.ActiveCfg = Debug|Any CPU
		{6A14ED50-7995-4EAF-B6D5-6E734283B415}.Debug|Mixed Platforms.Build.0 = Debug|Any CPU
		{6A14ED50-7995-4EAF-B6D5-6E734283B415}.Debug|x86.ActiveCfg = Debug|Any CPU
		{6A14ED50-7995-4EAF-B6D5-6E734283B415}.Release|Any CPU.ActiveCfg = Release|Any CPU
		{6A14ED50-7995-4EAF-B6D5-6E734283B415}.Release|Any CPU.Build.0 = Release|Any CPU
		{6A14ED50-7995-4EAF-B6D5-6E734283B415}.Release|Mixed Platforms.ActiveCfg = Release|Any CPU
		{6A14ED50-7995-4EAF-B6D5-6E734283B415}.Release|Mixed Platforms.Build.0 = Release|Any CPU
		{6A14ED50-7995-4EAF-B6D5-6E734283B415}.Release|x86.ActiveCfg = Release|Any CPU
		{AC9F9813-FE62-4797-9A06-3D51D5AAFA97}.Debug|Any CPU.ActiveCfg = Debug|x86
		{AC9F9813-FE62-4797-9A06-3D51D5AAFA97}.Debug|Mixed Platforms.ActiveCfg = Debug|x86
		{AC9F9813-FE62-4797-9A06-3D51D5AAFA97}.Debug|Mixed Platforms.Build.0 = Debug|x86
		{AC9F9813-FE62-4797-9A06-3D51D5AAFA97}.Debug|x86.ActiveCfg = Debug|x86
		{AC9F9813-FE62-4797-9A06-3D51D5AAFA97}.Debug|x86.Build.0 = Debug|x86
		{AC9F9813-FE62-4797-9A06-3D51D5AAFA97}.Release|Any CPU.ActiveCfg = Release|x86
		{AC9F9813-FE62-4797-9A06-3D51D5AAFA97}.Release|Mixed Platforms.ActiveCfg = Release|x86
		{AC9F9813-FE62-4797-9A06-3D51D5AAFA97}.Release|Mixed Platforms.Build.0 = Release|x86
		{AC9F9813-FE62-4797-9A06-3D51D5AAFA97}.Release|x86.ActiveCfg = Release|x86
		{AC9F9813-FE62-4797-9A06-3D51D5AAFA97}.Release|x86.Build.0 = Release|x86
		{35CF1CD3-A197-4A14-9B92-15868DC808E5}.Debug|Any CPU.ActiveCfg = Debug|x86
		{35CF1CD3-A197-4A14-9B92-15868DC808E5}.Debug|Mixed Platforms.ActiveCfg = Debug|x86
		{35CF1CD3-A197-4A14-9B92-15868DC808E5}.Debug|Mixed Platforms.Build.0 = Debug|x86
		{35CF1CD3-A197-4A14-9B92-15868DC808E5}.Debug|x86.ActiveCfg = Debug|x86
		{35CF1CD3-A197-4A14-9B92-15868DC808E5}.Debug|x86.Build.0 = Debug|x86
		{35CF1CD3-A197-4A14-9B92-15868DC808E5}.Release|Any CPU.ActiveCfg = Release|x86
		{35CF1CD3-A197-4A14-9B92-15868DC808E5}.Release|Mixed Platforms.ActiveCfg = Release|x86
		{35CF1CD3-A197-4A14-9B92-15868DC808E5}.Release|Mixed Platforms.Build.0 = Release|x86
		{35CF1CD3-A197-4A14-9B92-15868DC808E5}.Release|x86.ActiveCfg = Release|x86
		{35CF1CD3-A197-4A14-9B92-15868DC808E5}.Release|x86.Build.0 = Release|x86
	EndGlobalSection
	GlobalSection(SolutionProperties) = preSolution
		HideSolutionNode = FALSE
	EndGlobalSection
EndGlobal
